
Microsoft Visual Studio Solution File, Format Version 12.00
# Visual Studio 14
VisualStudioVersion = 14.0.25123.0
MinimumVisualStudioVersion = 10.0.40219.1
Project("{FAE04EC0-301F-11D3-BF4B-00C04F79EFBC}") = "Extension Methods Delegates Lambda LINKQ", "Extension Methods Delegates Lambda LINKQ\Extension Methods Delegates Lambda LINKQ.csproj", "{1931B629-BE9D-451E-8124-FB7728A57B83}"
EndProject
Project("{2150E333-8FDC-42A3-9474-1A3956D46DE8}") = "Extensions", "Extensions", "{9F008647-2CF9-40B6-8532-2F248271C180}"
EndProject
Project("{FAE04EC0-301F-11D3-BF4B-00C04F79EFBC}") = "MyExtensions", "StringBuilderExtensions\MyExtensions.csproj", "{808DBA50-AAF9-439A-9896-F46D3A9D0188}"
EndProject
Project("{2150E333-8FDC-42A3-9474-1A3956D46DE8}") = "Classes", "Classes", "{0659000F-4B1A-4063-901C-71DA6FF97B25}"
EndProject
Project("{FAE04EC0-301F-11D3-BF4B-00C04F79EFBC}") = "MyClasses", "MyClasses\MyClasses.csproj", "{AEE8E2A0-F520-4D44-8452-09D4B125B0EF}"
EndProject
Global
	GlobalSection(SolutionConfigurationPlatforms) = preSolution
		Debug|Any CPU = Debug|Any CPU
		Release|Any CPU = Release|Any CPU
	EndGlobalSection
	GlobalSection(ProjectConfigurationPlatforms) = postSolution
		{1931B629-BE9D-451E-8124-FB7728A57B83}.Debug|Any CPU.ActiveCfg = Debug|Any CPU
		{1931B629-BE9D-451E-8124-FB7728A57B83}.Debug|Any CPU.Build.0 = Debug|Any CPU
		{1931B629-BE9D-451E-8124-FB7728A57B83}.Release|Any CPU.ActiveCfg = Release|Any CPU
		{1931B629-BE9D-451E-8124-FB7728A57B83}.Release|Any CPU.Build.0 = Release|Any CPU
		{808DBA50-AAF9-439A-9896-F46D3A9D0188}.Debug|Any CPU.ActiveCfg = Debug|Any CPU
		{808DBA50-AAF9-439A-9896-F46D3A9D0188}.Debug|Any CPU.Build.0 = Debug|Any CPU
		{808DBA50-AAF9-439A-9896-F46D3A9D0188}.Release|Any CPU.ActiveCfg = Release|Any CPU
		{808DBA50-AAF9-439A-9896-F46D3A9D0188}.Release|Any CPU.Build.0 = Release|Any CPU
		{AEE8E2A0-F520-4D44-8452-09D4B125B0EF}.Debug|Any CPU.ActiveCfg = Debug|Any CPU
		{AEE8E2A0-F520-4D44-8452-09D4B125B0EF}.Debug|Any CPU.Build.0 = Debug|Any CPU
		{AEE8E2A0-F520-4D44-8452-09D4B125B0EF}.Release|Any CPU.ActiveCfg = Release|Any CPU
		{AEE8E2A0-F520-4D44-8452-09D4B125B0EF}.Release|Any CPU.Build.0 = Release|Any CPU
	EndGlobalSection
	GlobalSection(SolutionProperties) = preSolution
		HideSolutionNode = FALSE
	EndGlobalSection
	GlobalSection(NestedProjects) = preSolution
		{808DBA50-AAF9-439A-9896-F46D3A9D0188} = {9F008647-2CF9-40B6-8532-2F248271C180}
		{AEE8E2A0-F520-4D44-8452-09D4B125B0EF} = {0659000F-4B1A-4063-901C-71DA6FF97B25}
	EndGlobalSection
EndGlobal
