
Microsoft Visual Studio Solution File, Format Version 12.00
# Visual Studio 14
VisualStudioVersion = 14.0.24720.0
MinimumVisualStudioVersion = 10.0.40219.1
Project("{FAE04EC0-301F-11D3-BF4B-00C04F79EFBC}") = "01.Fill the matrix", "01.Fill the matrix\01.Fill the matrix.csproj", "{61156E52-8059-459A-8AE9-3F5F7C27D464}"
EndProject
Project("{FAE04EC0-301F-11D3-BF4B-00C04F79EFBC}") = "02.Maximal Sum", "02.Maximal Sum\02.Maximal Sum.csproj", "{79B106EF-FEA0-443F-BF03-C5ED535FA656}"
EndProject
Project("{FAE04EC0-301F-11D3-BF4B-00C04F79EFBC}") = "03.Sequence in Matrix", "03.Sequence in Matrix\03.Sequence in Matrix.csproj", "{53564FFC-043E-4CE7-A6D7-4BD0559C6974}"
EndProject
Project("{FAE04EC0-301F-11D3-BF4B-00C04F79EFBC}") = "04.Largest area in matrix", "04.Largest area in matrix\04.Largest area in matrix.csproj", "{840A8218-45E9-411C-A093-CF82C024665E}"
EndProject
Global
	GlobalSection(SolutionConfigurationPlatforms) = preSolution
		Debug|Any CPU = Debug|Any CPU
		Release|Any CPU = Release|Any CPU
	EndGlobalSection
	GlobalSection(ProjectConfigurationPlatforms) = postSolution
		{61156E52-8059-459A-8AE9-3F5F7C27D464}.Debug|Any CPU.ActiveCfg = Debug|Any CPU
		{61156E52-8059-459A-8AE9-3F5F7C27D464}.Debug|Any CPU.Build.0 = Debug|Any CPU
		{61156E52-8059-459A-8AE9-3F5F7C27D464}.Release|Any CPU.ActiveCfg = Release|Any CPU
		{61156E52-8059-459A-8AE9-3F5F7C27D464}.Release|Any CPU.Build.0 = Release|Any CPU
		{79B106EF-FEA0-443F-BF03-C5ED535FA656}.Debug|Any CPU.ActiveCfg = Debug|Any CPU
		{79B106EF-FEA0-443F-BF03-C5ED535FA656}.Debug|Any CPU.Build.0 = Debug|Any CPU
		{79B106EF-FEA0-443F-BF03-C5ED535FA656}.Release|Any CPU.ActiveCfg = Release|Any CPU
		{79B106EF-FEA0-443F-BF03-C5ED535FA656}.Release|Any CPU.Build.0 = Release|Any CPU
		{53564FFC-043E-4CE7-A6D7-4BD0559C6974}.Debug|Any CPU.ActiveCfg = Debug|Any CPU
		{53564FFC-043E-4CE7-A6D7-4BD0559C6974}.Debug|Any CPU.Build.0 = Debug|Any CPU
		{53564FFC-043E-4CE7-A6D7-4BD0559C6974}.Release|Any CPU.ActiveCfg = Release|Any CPU
		{53564FFC-043E-4CE7-A6D7-4BD0559C6974}.Release|Any CPU.Build.0 = Release|Any CPU
		{840A8218-45E9-411C-A093-CF82C024665E}.Debug|Any CPU.ActiveCfg = Debug|Any CPU
		{840A8218-45E9-411C-A093-CF82C024665E}.Debug|Any CPU.Build.0 = Debug|Any CPU
		{840A8218-45E9-411C-A093-CF82C024665E}.Release|Any CPU.ActiveCfg = Release|Any CPU
		{840A8218-45E9-411C-A093-CF82C024665E}.Release|Any CPU.Build.0 = Release|Any CPU
	EndGlobalSection
	GlobalSection(SolutionProperties) = preSolution
		HideSolutionNode = FALSE
	EndGlobalSection
EndGlobal
