
Microsoft Visual Studio Solution File, Format Version 12.00
# Visual Studio 14
VisualStudioVersion = 14.0.24720.0
MinimumVisualStudioVersion = 10.0.40219.1
Project("{FAE04EC0-301F-11D3-BF4B-00C04F79EFBC}") = "01.Feathers", "01.Feathers\01.Feathers.csproj", "{4729B7FC-C7DE-4161-8429-D9248450490B}"
EndProject
Global
	GlobalSection(SolutionConfigurationPlatforms) = preSolution
		Debug|Any CPU = Debug|Any CPU
		Release|Any CPU = Release|Any CPU
	EndGlobalSection
	GlobalSection(ProjectConfigurationPlatforms) = postSolution
		{4729B7FC-C7DE-4161-8429-D9248450490B}.Debug|Any CPU.ActiveCfg = Debug|Any CPU
		{4729B7FC-C7DE-4161-8429-D9248450490B}.Debug|Any CPU.Build.0 = Debug|Any CPU
		{4729B7FC-C7DE-4161-8429-D9248450490B}.Release|Any CPU.ActiveCfg = Release|Any CPU
		{4729B7FC-C7DE-4161-8429-D9248450490B}.Release|Any CPU.Build.0 = Release|Any CPU
	EndGlobalSection
	GlobalSection(SolutionProperties) = preSolution
		HideSolutionNode = FALSE
	EndGlobalSection
EndGlobal
